
Microsoft Visual Studio Solution File, Format Version 12.00
# Visual Studio Version 17
VisualStudioVersion = 17.9.34728.123
MinimumVisualStudioVersion = 10.0.40219.1
Project("{9A19103F-16F7-4668-BE54-9A1E7A4F7556}") = "EmployeeManagement", "Employee-Management\EmployeeManagement.csproj", "{33E3F716-6776-457F-AD3F-7F36CF56F2E1}"
EndProject
Project("{2150E333-8FDC-42A3-9474-1A3956D46DE8}") = "core", "core", "{7FFB2AD3-33D2-44B6-BCA0-FE35AAA14377}"
EndProject
Project("{9A19103F-16F7-4668-BE54-9A1E7A4F7556}") = "EmployeeManangement.Domain", "EmployeeManangement.Domain\EmployeeManangement.Domain.csproj", "{EA63EED1-74D6-4DED-8038-E3C504A03518}"
EndProject
Project("{9A19103F-16F7-4668-BE54-9A1E7A4F7556}") = "EmployeeManangement.Application", "EmployeeManangement.Application\EmployeeManangement.Application.csproj", "{97AB5310-7F52-4496-8FAC-87B127C6ACB3}"
EndProject
Project("{9A19103F-16F7-4668-BE54-9A1E7A4F7556}") = "EmployeeManangement.Infrastructure", "EmployeeManangement.Infrastructure\EmployeeManangement.Infrastructure.csproj", "{F677060A-2537-4922-9FAC-8E4A67084B3C}"
EndProject
Global
	GlobalSection(SolutionConfigurationPlatforms) = preSolution
		Debug|Any CPU = Debug|Any CPU
		Release|Any CPU = Release|Any CPU
	EndGlobalSection
	GlobalSection(ProjectConfigurationPlatforms) = postSolution
		{33E3F716-6776-457F-AD3F-7F36CF56F2E1}.Debug|Any CPU.ActiveCfg = Debug|Any CPU
		{33E3F716-6776-457F-AD3F-7F36CF56F2E1}.Debug|Any CPU.Build.0 = Debug|Any CPU
		{33E3F716-6776-457F-AD3F-7F36CF56F2E1}.Release|Any CPU.ActiveCfg = Release|Any CPU
		{33E3F716-6776-457F-AD3F-7F36CF56F2E1}.Release|Any CPU.Build.0 = Release|Any CPU
		{EA63EED1-74D6-4DED-8038-E3C504A03518}.Debug|Any CPU.ActiveCfg = Debug|Any CPU
		{EA63EED1-74D6-4DED-8038-E3C504A03518}.Debug|Any CPU.Build.0 = Debug|Any CPU
		{EA63EED1-74D6-4DED-8038-E3C504A03518}.Release|Any CPU.ActiveCfg = Release|Any CPU
		{EA63EED1-74D6-4DED-8038-E3C504A03518}.Release|Any CPU.Build.0 = Release|Any CPU
		{97AB5310-7F52-4496-8FAC-87B127C6ACB3}.Debug|Any CPU.ActiveCfg = Debug|Any CPU
		{97AB5310-7F52-4496-8FAC-87B127C6ACB3}.Debug|Any CPU.Build.0 = Debug|Any CPU
		{97AB5310-7F52-4496-8FAC-87B127C6ACB3}.Release|Any CPU.ActiveCfg = Release|Any CPU
		{97AB5310-7F52-4496-8FAC-87B127C6ACB3}.Release|Any CPU.Build.0 = Release|Any CPU
		{F677060A-2537-4922-9FAC-8E4A67084B3C}.Debug|Any CPU.ActiveCfg = Debug|Any CPU
		{F677060A-2537-4922-9FAC-8E4A67084B3C}.Debug|Any CPU.Build.0 = Debug|Any CPU
		{F677060A-2537-4922-9FAC-8E4A67084B3C}.Release|Any CPU.ActiveCfg = Release|Any CPU
		{F677060A-2537-4922-9FAC-8E4A67084B3C}.Release|Any CPU.Build.0 = Release|Any CPU
	EndGlobalSection
	GlobalSection(SolutionProperties) = preSolution
		HideSolutionNode = FALSE
	EndGlobalSection
	GlobalSection(NestedProjects) = preSolution
		{EA63EED1-74D6-4DED-8038-E3C504A03518} = {7FFB2AD3-33D2-44B6-BCA0-FE35AAA14377}
		{97AB5310-7F52-4496-8FAC-87B127C6ACB3} = {7FFB2AD3-33D2-44B6-BCA0-FE35AAA14377}
	EndGlobalSection
	GlobalSection(ExtensibilityGlobals) = postSolution
		SolutionGuid = {950AAE5C-3FBB-405E-9DCC-AF474395355C}
	EndGlobalSection
EndGlobal
